{
  "name": "yeohaeng_hama",
  "lockfileVersion": 3,
  "requires": true,
  "packages": {
    "": {
      "dependencies": {
        "@cloudtype/cli": "^0.7.1"
      }
    },
    "node_modules/@cloudtype/cli": {
      "version": "0.7.1",
      "resolved": "https://registry.npmjs.org/@cloudtype/cli/-/cli-0.7.1.tgz",
      "integrity": "sha512-0EoGrvdLVGp+VZmpYtCFFBc8mTl7XpF3/NXUQvGt5HXJhxXZQt/kkh//Wuej9Vzm2tToHe4o6foHQzdhi/Je7A==",
      "bin": {
        "cty": "bin/ctype-dev.js",
        "ctype": "bin/ctype.js"
      }
    }
  }
}
